
Microsoft Visual Studio Solution File, Format Version 12.00
# Visual Studio 15
Project("{FAE04EC0-301F-11D3-BF4B-00C04F79EFBC}") = "SampleFramework2", "SampleFramework2\SampleFramework2.csproj", "{993F6F36-314E-4EB6-AD2F-A258000758CB}"
EndProject
Project("{FAE04EC0-301F-11D3-BF4B-00C04F79EFBC}") = "AutomationResources", "AutomationResources\AutomationResources.csproj", "{29DE5871-D3C4-44A7-B160-77162DB53E32}"
EndProject
Global
	GlobalSection(SolutionConfigurationPlatforms) = preSolution
		Debug|Any CPU = Debug|Any CPU
		Release|Any CPU = Release|Any CPU
		Default|Any CPU = Default|Any CPU
	EndGlobalSection
	GlobalSection(ProjectConfigurationPlatforms) = postSolution
		{993F6F36-314E-4EB6-AD2F-A258000758CB}.Debug|Any CPU.ActiveCfg = Debug|Any CPU
		{993F6F36-314E-4EB6-AD2F-A258000758CB}.Debug|Any CPU.Build.0 = Debug|Any CPU
		{993F6F36-314E-4EB6-AD2F-A258000758CB}.Release|Any CPU.ActiveCfg = Release|Any CPU
		{993F6F36-314E-4EB6-AD2F-A258000758CB}.Release|Any CPU.Build.0 = Release|Any CPU
		{993F6F36-314E-4EB6-AD2F-A258000758CB}.Default|Any CPU.ActiveCfg = Debug|Any CPU
		{993F6F36-314E-4EB6-AD2F-A258000758CB}.Default|Any CPU.Build.0 = Debug|Any CPU
		{29DE5871-D3C4-44A7-B160-77162DB53E32}.Debug|Any CPU.ActiveCfg = Debug|Any CPU
		{29DE5871-D3C4-44A7-B160-77162DB53E32}.Debug|Any CPU.Build.0 = Debug|Any CPU
		{29DE5871-D3C4-44A7-B160-77162DB53E32}.Release|Any CPU.ActiveCfg = Release|Any CPU
		{29DE5871-D3C4-44A7-B160-77162DB53E32}.Release|Any CPU.Build.0 = Release|Any CPU
		{29DE5871-D3C4-44A7-B160-77162DB53E32}.Default|Any CPU.ActiveCfg = Debug|Any CPU
		{29DE5871-D3C4-44A7-B160-77162DB53E32}.Default|Any CPU.Build.0 = Debug|Any CPU
	EndGlobalSection
EndGlobal
